// !$*UTF8*$!
{
	archiveVersion = 1;
	classes = {
	};
	objectVersion = 55;
	objects = {

/* Begin PBXBuildFile section */
		51796DB2291D44750095D46A /* main.cpp in Sources */ = {isa = PBXBuildFile; fileRef = 51796DB1291D44750095D46A /* main.cpp */; };
		51796DBA291D44910095D46A /* Loader.cpp in Sources */ = {isa = PBXBuildFile; fileRef = 51796DB8291D44910095D46A /* Loader.cpp */; };
		51796DBD291D44A10095D46A /* TextMessages.cpp in Sources */ = {isa = PBXBuildFile; fileRef = 51796DBB291D44A10095D46A /* TextMessages.cpp */; };
		51796DC0291D44AF0095D46A /* GamePLay.cpp in Sources */ = {isa = PBXBuildFile; fileRef = 51796DBE291D44AF0095D46A /* GamePLay.cpp */; };
/* End PBXBuildFile section */

/* Begin PBXCopyFilesBuildPhase section */
		51796DAC291D44750095D46A /* CopyFiles */ = {
			isa = PBXCopyFilesBuildPhase;
			buildActionMask = 2147483647;
			dstPath = /usr/share/man/man1/;
			dstSubfolderSpec = 0;
			files = (
			);
			runOnlyForDeploymentPostprocessing = 1;
		};
/* End PBXCopyFilesBuildPhase section */

/* Begin PBXFileReference section */
		51796DAE291D44750095D46A /* hammurabi */ = {isa = PBXFileReference; explicitFileType = "compiled.mach-o.executable"; includeInIndex = 0; path = hammurabi; sourceTree = BUILT_PRODUCTS_DIR; };
		51796DB1291D44750095D46A /* main.cpp */ = {isa = PBXFileReference; lastKnownFileType = sourcecode.cpp.cpp; path = main.cpp; sourceTree = "<group>"; };
		51796DB8291D44910095D46A /* Loader.cpp */ = {isa = PBXFileReference; lastKnownFileType = sourcecode.cpp.cpp; path = Loader.cpp; sourceTree = "<group>"; };
		51796DB9291D44910095D46A /* Loader.hpp */ = {isa = PBXFileReference; lastKnownFileType = sourcecode.cpp.h; path = Loader.hpp; sourceTree = "<group>"; };
		51796DBB291D44A10095D46A /* TextMessages.cpp */ = {isa = PBXFileReference; lastKnownFileType = sourcecode.cpp.cpp; path = TextMessages.cpp; sourceTree = "<group>"; };
		51796DBC291D44A10095D46A /* TextMessages.hpp */ = {isa = PBXFileReference; lastKnownFileType = sourcecode.cpp.h; path = TextMessages.hpp; sourceTree = "<group>"; };
		51796DBE291D44AF0095D46A /* GamePLay.cpp */ = {isa = PBXFileReference; lastKnownFileType = sourcecode.cpp.cpp; path = GamePLay.cpp; sourceTree = "<group>"; };
		51796DBF291D44AF0095D46A /* GamePLay.hpp */ = {isa = PBXFileReference; lastKnownFileType = sourcecode.cpp.h; path = GamePLay.hpp; sourceTree = "<group>"; };
		51796DC1291D45040095D46A /* EGameResult.h */ = {isa = PBXFileReference; lastKnownFileType = sourcecode.c.h; path = EGameResult.h; sourceTree = "<group>"; };
		51796DC2291D454F0095D46A /* GameConditions.h */ = {isa = PBXFileReference; lastKnownFileType = sourcecode.c.h; path = GameConditions.h; sourceTree = "<group>"; };
		51796DC3291D45A70095D46A /* Random.h */ = {isa = PBXFileReference; lastKnownFileType = sourcecode.c.h; path = Random.h; sourceTree = "<group>"; };
/* End PBXFileReference section */

/* Begin PBXFrameworksBuildPhase section */
		51796DAB291D44750095D46A /* Frameworks */ = {
			isa = PBXFrameworksBuildPhase;
			buildActionMask = 2147483647;
			files = (
			);
			runOnlyForDeploymentPostprocessing = 0;
		};
/* End PBXFrameworksBuildPhase section */

/* Begin PBXGroup section */
		51796DA5291D44750095D46A = {
			isa = PBXGroup;
			children = (
				51796DB0291D44750095D46A /* hammurabi */,
				51796DAF291D44750095D46A /* Products */,
			);
			sourceTree = "<group>";
		};
		51796DAF291D44750095D46A /* Products */ = {
			isa = PBXGroup;
			children = (
				51796DAE291D44750095D46A /* hammurabi */,
			);
			name = Products;
			sourceTree = "<group>";
		};
		51796DB0291D44750095D46A /* hammurabi */ = {
			isa = PBXGroup;
			children = (
				51796DB1291D44750095D46A /* main.cpp */,
				51796DB8291D44910095D46A /* Loader.cpp */,
				51796DB9291D44910095D46A /* Loader.hpp */,
				51796DBB291D44A10095D46A /* TextMessages.cpp */,
				51796DBC291D44A10095D46A /* TextMessages.hpp */,
				51796DBE291D44AF0095D46A /* GamePLay.cpp */,
				51796DBF291D44AF0095D46A /* GamePLay.hpp */,
				51796DC1291D45040095D46A /* EGameResult.h */,
				51796DC2291D454F0095D46A /* GameConditions.h */,
				51796DC3291D45A70095D46A /* Random.h */,
			);
			path = hammurabi;
			sourceTree = "<group>";
		};
/* End PBXGroup section */

/* Begin PBXNativeTarget section */
		51796DAD291D44750095D46A /* hammurabi */ = {
			isa = PBXNativeTarget;
			buildConfigurationList = 51796DB5291D44750095D46A /* Build configuration list for PBXNativeTarget "hammurabi" */;
			buildPhases = (
				51796DAA291D44750095D46A /* Sources */,
				51796DAB291D44750095D46A /* Frameworks */,
				51796DAC291D44750095D46A /* CopyFiles */,
			);
			buildRules = (
			);
			dependencies = (
			);
			name = hammurabi;
			productName = hammurabi;
			productReference = 51796DAE291D44750095D46A /* hammurabi */;
			productType = "com.apple.product-type.tool";
		};
/* End PBXNativeTarget section */

/* Begin PBXProject section */
		51796DA6291D44750095D46A /* Project object */ = {
			isa = PBXProject;
			attributes = {
				BuildIndependentTargetsInParallel = 1;
				LastUpgradeCheck = 1340;
				TargetAttributes = {
					51796DAD291D44750095D46A = {
						CreatedOnToolsVersion = 13.4.1;
					};
				};
			};
			buildConfigurationList = 51796DA9291D44750095D46A /* Build configuration list for PBXProject "hammurabi" */;
			compatibilityVersion = "Xcode 13.0";
			developmentRegion = en;
			hasScannedForEncodings = 0;
			knownRegions = (
				en,
				Base,
			);
			mainGroup = 51796DA5291D44750095D46A;
			productRefGroup = 51796DAF291D44750095D46A /* Products */;
			projectDirPath = "";
			projectRoot = "";
			targets = (
				51796DAD291D44750095D46A /* hammurabi */,
			);
		};
/* End PBXProject section */

/* Begin PBXSourcesBuildPhase section */
		51796DAA291D44750095D46A /* Sources */ = {
			isa = PBXSourcesBuildPhase;
			buildActionMask = 2147483647;
			files = (
				51796DBD291D44A10095D46A /* TextMessages.cpp in Sources */,
				51796DC0291D44AF0095D46A /* GamePLay.cpp in Sources */,
				51796DBA291D44910095D46A /* Loader.cpp in Sources */,
				51796DB2291D44750095D46A /* main.cpp in Sources */,
			);
			runOnlyForDeploymentPostprocessing = 0;
		};
/* End PBXSourcesBuildPhase section */

/* Begin XCBuildConfiguration section */
		51796DB3291D44750095D46A /* Debug */ = {
			isa = XCBuildConfiguration;
			buildSettings = {
				ALWAYS_SEARCH_USER_PATHS = NO;
				CLANG_ANALYZER_NONNULL = YES;
				CLANG_ANALYZER_NUMBER_OBJECT_CONVERSION = YES_AGGRESSIVE;
				CLANG_CXX_LANGUAGE_STANDARD = "gnu++17";
				CLANG_ENABLE_MODULES = YES;
				CLANG_ENABLE_OBJC_ARC = YES;
				CLANG_ENABLE_OBJC_WEAK = YES;
				CLANG_WARN_BLOCK_CAPTURE_AUTORELEASING = YES;
				CLANG_WARN_BOOL_CONVERSION = YES;
				CLANG_WARN_COMMA = YES;
				CLANG_WARN_CONSTANT_CONVERSION = YES;
				CLANG_WARN_DEPRECATED_OBJC_IMPLEMENTATIONS = YES;
				CLANG_WARN_DIRECT_OBJC_ISA_USAGE = YES_ERROR;
				CLANG_WARN_DOCUMENTATION_COMMENTS = YES;
				CLANG_WARN_EMPTY_BODY = YES;
				CLANG_WARN_ENUM_CONVERSION = YES;
				CLANG_WARN_INFINITE_RECURSION = YES;
				CLANG_WARN_INT_CONVERSION = YES;
				CLANG_WARN_NON_LITERAL_NULL_CONVERSION = YES;
				CLANG_WARN_OBJC_IMPLICIT_RETAIN_SELF = YES;
				CLANG_WARN_OBJC_LITERAL_CONVERSION = YES;
				CLANG_WARN_OBJC_ROOT_CLASS = YES_ERROR;
				CLANG_WARN_QUOTED_INCLUDE_IN_FRAMEWORK_HEADER = YES;
				CLANG_WARN_RANGE_LOOP_ANALYSIS = YES;
				CLANG_WARN_STRICT_PROTOTYPES = YES;
				CLANG_WARN_SUSPICIOUS_MOVE = YES;
				CLANG_WARN_UNGUARDED_AVAILABILITY = YES_AGGRESSIVE;
				CLANG_WARN_UNREACHABLE_CODE = YES;
				CLANG_WARN__DUPLICATE_METHOD_MATCH = YES;
				COPY_PHASE_STRIP = NO;
				DEBUG_INFORMATION_FORMAT = dwarf;
				ENABLE_STRICT_OBJC_MSGSEND = YES;
				ENABLE_TESTABILITY = YES;
				GCC_C_LANGUAGE_STANDARD = gnu11;
				GCC_DYNAMIC_NO_PIC = NO;
				GCC_NO_COMMON_BLOCKS = YES;
				GCC_OPTIMIZATION_LEVEL = 0;
				GCC_PREPROCESSOR_DEFINITIONS = (
					"DEBUG=1",
					"$(inherited)",
				);
				GCC_WARN_64_TO_32_BIT_CONVERSION = YES;
				GCC_WARN_ABOUT_RETURN_TYPE = YES_ERROR;
				GCC_WARN_UNDECLARED_SELECTOR = YES;
				GCC_WARN_UNINITIALIZED_AUTOS = YES_AGGRESSIVE;
				GCC_WARN_UNUSED_FUNCTION = YES;
				GCC_WARN_UNUSED_VARIABLE = YES;
				MACOSX_DEPLOYMENT_TARGET = 12.3;
				MTL_ENABLE_DEBUG_INFO = INCLUDE_SOURCE;
				MTL_FAST_MATH = YES;
				ONLY_ACTIVE_ARCH = YES;
				SDKROOT = macosx;
			};
			name = Debug;
		};
		51796DB4291D44750095D46A /* Release */ = {
			isa = XCBuildConfiguration;
			buildSettings = {
				ALWAYS_SEARCH_USER_PATHS = NO;
				CLANG_ANALYZER_NONNULL = YES;
				CLANG_ANALYZER_NUMBER_OBJECT_CONVERSION = YES_AGGRESSIVE;
				CLANG_CXX_LANGUAGE_STANDARD = "gnu++17";
				CLANG_ENABLE_MODULES = YES;
				CLANG_ENABLE_OBJC_ARC = YES;
				CLANG_ENABLE_OBJC_WEAK = YES;
				CLANG_WARN_BLOCK_CAPTURE_AUTORELEASING = YES;
				CLANG_WARN_BOOL_CONVERSION = YES;
				CLANG_WARN_COMMA = YES;
				CLANG_WARN_CONSTANT_CONVERSION = YES;
				CLANG_WARN_DEPRECATED_OBJC_IMPLEMENTATIONS = YES;
				CLANG_WARN_DIRECT_OBJC_ISA_USAGE = YES_ERROR;
				CLANG_WARN_DOCUMENTATION_COMMENTS = YES;
				CLANG_WARN_EMPTY_BODY = YES;
				CLANG_WARN_ENUM_CONVERSION = YES;
				CLANG_WARN_INFINITE_RECURSION = YES;
				CLANG_WARN_INT_CONVERSION = YES;
				CLANG_WARN_NON_LITERAL_NULL_CONVERSION = YES;
				CLANG_WARN_OBJC_IMPLICIT_RETAIN_SELF = YES;
				CLANG_WARN_OBJC_LITERAL_CONVERSION = YES;
				CLANG_WARN_OBJC_ROOT_CLASS = YES_ERROR;
				CLANG_WARN_QUOTED_INCLUDE_IN_FRAMEWORK_HEADER = YES;
				CLANG_WARN_RANGE_LOOP_ANALYSIS = YES;
				CLANG_WARN_STRICT_PROTOTYPES = YES;
				CLANG_WARN_SUSPICIOUS_MOVE = YES;
				CLANG_WARN_UNGUARDED_AVAILABILITY = YES_AGGRESSIVE;
				CLANG_WARN_UNREACHABLE_CODE = YES;
				CLANG_WARN__DUPLICATE_METHOD_MATCH = YES;
				COPY_PHASE_STRIP = NO;
				DEBUG_INFORMATION_FORMAT = "dwarf-with-dsym";
				ENABLE_NS_ASSERTIONS = NO;
				ENABLE_STRICT_OBJC_MSGSEND = YES;
				GCC_C_LANGUAGE_STANDARD = gnu11;
				GCC_NO_COMMON_BLOCKS = YES;
				GCC_WARN_64_TO_32_BIT_CONVERSION = YES;
				GCC_WARN_ABOUT_RETURN_TYPE = YES_ERROR;
				GCC_WARN_UNDECLARED_SELECTOR = YES;
				GCC_WARN_UNINITIALIZED_AUTOS = YES_AGGRESSIVE;
				GCC_WARN_UNUSED_FUNCTION = YES;
				GCC_WARN_UNUSED_VARIABLE = YES;
				MACOSX_DEPLOYMENT_TARGET = 12.3;
				MTL_ENABLE_DEBUG_INFO = NO;
				MTL_FAST_MATH = YES;
				SDKROOT = macosx;
			};
			name = Release;
		};
		51796DB6291D44750095D46A /* Debug */ = {
			isa = XCBuildConfiguration;
			buildSettings = {
				CODE_SIGN_STYLE = Automatic;
				PRODUCT_NAME = "$(TARGET_NAME)";
			};
			name = Debug;
		};
		51796DB7291D44750095D46A /* Release */ = {
			isa = XCBuildConfiguration;
			buildSettings = {
				CODE_SIGN_STYLE = Automatic;
				PRODUCT_NAME = "$(TARGET_NAME)";
			};
			name = Release;
		};
/* End XCBuildConfiguration section */

/* Begin XCConfigurationList section */
		51796DA9291D44750095D46A /* Build configuration list for PBXProject "hammurabi" */ = {
			isa = XCConfigurationList;
			buildConfigurations = (
				51796DB3291D44750095D46A /* Debug */,
				51796DB4291D44750095D46A /* Release */,
			);
			defaultConfigurationIsVisible = 0;
			defaultConfigurationName = Release;
		};
		51796DB5291D44750095D46A /* Build configuration list for PBXNativeTarget "hammurabi" */ = {
			isa = XCConfigurationList;
			buildConfigurations = (
				51796DB6291D44750095D46A /* Debug */,
				51796DB7291D44750095D46A /* Release */,
			);
			defaultConfigurationIsVisible = 0;
			defaultConfigurationName = Release;
		};
/* End XCConfigurationList section */
	};
	rootObject = 51796DA6291D44750095D46A /* Project object */;
}
